
Microsoft Visual Studio Solution File, Format Version 12.00
# Visual Studio Version 17
VisualStudioVersion = 17.0.31903.59
MinimumVisualStudioVersion = 10.0.40219.1
Project("{2150E333-8FDC-42A3-9474-1A3956D46DE8}") = "Src", "Src", "{BEE9A481-5465-40C5-8BED-CA06A6A5475A}"
EndProject
Project("{FAE04EC0-301F-11D3-BF4B-00C04F79EFBC}") = "Dashboard.API", "Src\Dashboard.API\Dashboard.API.csproj", "{585998DC-9C25-4E61-AA47-3A8EF3B29A03}"
EndProject
Project("{FAE04EC0-301F-11D3-BF4B-00C04F79EFBC}") = "Dashboard.Application", "Src\Dashboard.Application\Dashboard.Application.csproj", "{F1522D18-086B-45D2-BFF9-D3E0B69FB2F1}"
EndProject
Global
	GlobalSection(SolutionConfigurationPlatforms) = preSolution
		Debug|Any CPU = Debug|Any CPU
		Release|Any CPU = Release|Any CPU
	EndGlobalSection
	GlobalSection(SolutionProperties) = preSolution
		HideSolutionNode = FALSE
	EndGlobalSection
	GlobalSection(ProjectConfigurationPlatforms) = postSolution
		{585998DC-9C25-4E61-AA47-3A8EF3B29A03}.Debug|Any CPU.ActiveCfg = Debug|Any CPU
		{585998DC-9C25-4E61-AA47-3A8EF3B29A03}.Debug|Any CPU.Build.0 = Debug|Any CPU
		{585998DC-9C25-4E61-AA47-3A8EF3B29A03}.Release|Any CPU.ActiveCfg = Release|Any CPU
		{585998DC-9C25-4E61-AA47-3A8EF3B29A03}.Release|Any CPU.Build.0 = Release|Any CPU
		{F1522D18-086B-45D2-BFF9-D3E0B69FB2F1}.Debug|Any CPU.ActiveCfg = Debug|Any CPU
		{F1522D18-086B-45D2-BFF9-D3E0B69FB2F1}.Debug|Any CPU.Build.0 = Debug|Any CPU
		{F1522D18-086B-45D2-BFF9-D3E0B69FB2F1}.Release|Any CPU.ActiveCfg = Release|Any CPU
		{F1522D18-086B-45D2-BFF9-D3E0B69FB2F1}.Release|Any CPU.Build.0 = Release|Any CPU
	EndGlobalSection
	GlobalSection(NestedProjects) = preSolution
		{585998DC-9C25-4E61-AA47-3A8EF3B29A03} = {BEE9A481-5465-40C5-8BED-CA06A6A5475A}
		{F1522D18-086B-45D2-BFF9-D3E0B69FB2F1} = {BEE9A481-5465-40C5-8BED-CA06A6A5475A}
	EndGlobalSection
EndGlobal
